
Microsoft Visual Studio Solution File, Format Version 12.00
# Visual Studio Version 17
VisualStudioVersion = 17.13.35931.197 d17.13
MinimumVisualStudioVersion = 10.0.40219.1
Project("{FAE04EC0-301F-11D3-BF4B-00C04F79EFBC}") = "github", "github\github.csproj", "{433980E0-C82C-4D6F-9835-25281E252D23}"
EndProject
Global
	GlobalSection(SolutionConfigurationPlatforms) = preSolution
		Debug|Any CPU = Debug|Any CPU
		Release|Any CPU = Release|Any CPU
	EndGlobalSection
	GlobalSection(ProjectConfigurationPlatforms) = postSolution
		{433980E0-C82C-4D6F-9835-25281E252D23}.Debug|Any CPU.ActiveCfg = Debug|Any CPU
		{433980E0-C82C-4D6F-9835-25281E252D23}.Debug|Any CPU.Build.0 = Debug|Any CPU
		{433980E0-C82C-4D6F-9835-25281E252D23}.Release|Any CPU.ActiveCfg = Release|Any CPU
		{433980E0-C82C-4D6F-9835-25281E252D23}.Release|Any CPU.Build.0 = Release|Any CPU
	EndGlobalSection
	GlobalSection(SolutionProperties) = preSolution
		HideSolutionNode = FALSE
	EndGlobalSection
	GlobalSection(ExtensibilityGlobals) = postSolution
		SolutionGuid = {FEDB6F9A-2621-4F2B-88ED-0DF05B62007B}
	EndGlobalSection
EndGlobal
